// !$*UTF8*$!
{
	archiveVersion = 1;
	classes = {
	};
	objectVersion = 55;
	objects = {

/* Begin PBXBuildFile section */
		0B400E98282F13CA0024E2F6 /* Book.swift in Sources */ = {isa = PBXBuildFile; fileRef = 0B400E97282F13CA0024E2F6 /* Book.swift */; };
		0B400E9A282F17650024E2F6 /* CardView.swift in Sources */ = {isa = PBXBuildFile; fileRef = 0B400E99282F17650024E2F6 /* CardView.swift */; };
		0BF98F0F282ED4DE0029853C /* OctavoApp.swift in Sources */ = {isa = PBXBuildFile; fileRef = 0BF98F0E282ED4DE0029853C /* OctavoApp.swift */; };
		0BF98F11282ED4DE0029853C /* ContentView.swift in Sources */ = {isa = PBXBuildFile; fileRef = 0BF98F10282ED4DE0029853C /* ContentView.swift */; };
		0BF98F13282ED4E00029853C /* Assets.xcassets in Resources */ = {isa = PBXBuildFile; fileRef = 0BF98F12282ED4E00029853C /* Assets.xcassets */; };
		0BF98F16282ED4E00029853C /* Preview Assets.xcassets in Resources */ = {isa = PBXBuildFile; fileRef = 0BF98F15282ED4E00029853C /* Preview Assets.xcassets */; };
		0BF98F18282ED4E00029853C /* Persistence.swift in Sources */ = {isa = PBXBuildFile; fileRef = 0BF98F17282ED4E00029853C /* Persistence.swift */; };
		0BF98F1B282ED4E00029853C /* Octavo.xcdatamodeld in Sources */ = {isa = PBXBuildFile; fileRef = 0BF98F19282ED4E00029853C /* Octavo.xcdatamodeld */; };
		0BF98F25282ED4E00029853C /* OctavoTests.swift in Sources */ = {isa = PBXBuildFile; fileRef = 0BF98F24282ED4E00029853C /* OctavoTests.swift */; };
		0BF98F2F282ED4E00029853C /* OctavoUITests.swift in Sources */ = {isa = PBXBuildFile; fileRef = 0BF98F2E282ED4E00029853C /* OctavoUITests.swift */; };
		0BF98F31282ED4E00029853C /* OctavoUITestsLaunchTests.swift in Sources */ = {isa = PBXBuildFile; fileRef = 0BF98F30282ED4E00029853C /* OctavoUITestsLaunchTests.swift */; };
		0BF98F3E282ED6DB0029853C /* HomeScreenView.swift in Sources */ = {isa = PBXBuildFile; fileRef = 0BF98F3D282ED6DB0029853C /* HomeScreenView.swift */; };
		0BF98F40282EE9650029853C /* UserDetailView.swift in Sources */ = {isa = PBXBuildFile; fileRef = 0BF98F3F282EE9650029853C /* UserDetailView.swift */; };
		0BF98F44282F12B40029853C /* BooksView.swift in Sources */ = {isa = PBXBuildFile; fileRef = 0BF98F43282F12B40029853C /* BooksView.swift */; };
/* End PBXBuildFile section */

/* Begin PBXContainerItemProxy section */
		0BF98F21282ED4E00029853C /* PBXContainerItemProxy */ = {
			isa = PBXContainerItemProxy;
			containerPortal = 0BF98F03282ED4DE0029853C /* Project object */;
			proxyType = 1;
			remoteGlobalIDString = 0BF98F0A282ED4DE0029853C;
			remoteInfo = Octavo;
		};
		0BF98F2B282ED4E00029853C /* PBXContainerItemProxy */ = {
			isa = PBXContainerItemProxy;
			containerPortal = 0BF98F03282ED4DE0029853C /* Project object */;
			proxyType = 1;
			remoteGlobalIDString = 0BF98F0A282ED4DE0029853C;
			remoteInfo = Octavo;
		};
/* End PBXContainerItemProxy section */

/* Begin PBXFileReference section */
		0B400E97282F13CA0024E2F6 /* Book.swift */ = {isa = PBXFileReference; lastKnownFileType = sourcecode.swift; path = Book.swift; sourceTree = "<group>"; };
		0B400E99282F17650024E2F6 /* CardView.swift */ = {isa = PBXFileReference; lastKnownFileType = sourcecode.swift; path = CardView.swift; sourceTree = "<group>"; };
		0BF98F0B282ED4DE0029853C /* Octavo.app */ = {isa = PBXFileReference; explicitFileType = wrapper.application; includeInIndex = 0; path = Octavo.app; sourceTree = BUILT_PRODUCTS_DIR; };
		0BF98F0E282ED4DE0029853C /* OctavoApp.swift */ = {isa = PBXFileReference; lastKnownFileType = sourcecode.swift; path = OctavoApp.swift; sourceTree = "<group>"; };
		0BF98F10282ED4DE0029853C /* ContentView.swift */ = {isa = PBXFileReference; lastKnownFileType = sourcecode.swift; path = ContentView.swift; sourceTree = "<group>"; };
		0BF98F12282ED4E00029853C /* Assets.xcassets */ = {isa = PBXFileReference; lastKnownFileType = folder.assetcatalog; path = Assets.xcassets; sourceTree = "<group>"; };
		0BF98F15282ED4E00029853C /* Preview Assets.xcassets */ = {isa = PBXFileReference; lastKnownFileType = folder.assetcatalog; path = "Preview Assets.xcassets"; sourceTree = "<group>"; };
		0BF98F17282ED4E00029853C /* Persistence.swift */ = {isa = PBXFileReference; lastKnownFileType = sourcecode.swift; path = Persistence.swift; sourceTree = "<group>"; };
		0BF98F1A282ED4E00029853C /* Octavo.xcdatamodel */ = {isa = PBXFileReference; lastKnownFileType = wrapper.xcdatamodel; path = Octavo.xcdatamodel; sourceTree = "<group>"; };
		0BF98F20282ED4E00029853C /* OctavoTests.xctest */ = {isa = PBXFileReference; explicitFileType = wrapper.cfbundle; includeInIndex = 0; path = OctavoTests.xctest; sourceTree = BUILT_PRODUCTS_DIR; };
		0BF98F24282ED4E00029853C /* OctavoTests.swift */ = {isa = PBXFileReference; lastKnownFileType = sourcecode.swift; path = OctavoTests.swift; sourceTree = "<group>"; };
		0BF98F2A282ED4E00029853C /* OctavoUITests.xctest */ = {isa = PBXFileReference; explicitFileType = wrapper.cfbundle; includeInIndex = 0; path = OctavoUITests.xctest; sourceTree = BUILT_PRODUCTS_DIR; };
		0BF98F2E282ED4E00029853C /* OctavoUITests.swift */ = {isa = PBXFileReference; lastKnownFileType = sourcecode.swift; path = OctavoUITests.swift; sourceTree = "<group>"; };
		0BF98F30282ED4E00029853C /* OctavoUITestsLaunchTests.swift */ = {isa = PBXFileReference; lastKnownFileType = sourcecode.swift; path = OctavoUITestsLaunchTests.swift; sourceTree = "<group>"; };
		0BF98F3D282ED6DB0029853C /* HomeScreenView.swift */ = {isa = PBXFileReference; lastKnownFileType = sourcecode.swift; path = HomeScreenView.swift; sourceTree = "<group>"; };
		0BF98F3F282EE9650029853C /* UserDetailView.swift */ = {isa = PBXFileReference; lastKnownFileType = sourcecode.swift; path = UserDetailView.swift; sourceTree = "<group>"; };
		0BF98F43282F12B40029853C /* BooksView.swift */ = {isa = PBXFileReference; lastKnownFileType = sourcecode.swift; path = BooksView.swift; sourceTree = "<group>"; };
/* End PBXFileReference section */

/* Begin PBXFrameworksBuildPhase section */
		0BF98F08282ED4DE0029853C /* Frameworks */ = {
			isa = PBXFrameworksBuildPhase;
			buildActionMask = 2147483647;
			files = (
			);
			runOnlyForDeploymentPostprocessing = 0;
		};
		0BF98F1D282ED4E00029853C /* Frameworks */ = {
			isa = PBXFrameworksBuildPhase;
			buildActionMask = 2147483647;
			files = (
			);
			runOnlyForDeploymentPostprocessing = 0;
		};
		0BF98F27282ED4E00029853C /* Frameworks */ = {
			isa = PBXFrameworksBuildPhase;
			buildActionMask = 2147483647;
			files = (
			);
			runOnlyForDeploymentPostprocessing = 0;
		};
/* End PBXFrameworksBuildPhase section */

/* Begin PBXGroup section */
		0B400E96282F13A00024E2F6 /* Models */ = {
			isa = PBXGroup;
			children = (
				0B400E97282F13CA0024E2F6 /* Book.swift */,
			);
			path = Models;
			sourceTree = "<group>";
		};
		0BF98F02282ED4DE0029853C = {
			isa = PBXGroup;
			children = (
				0BF98F0D282ED4DE0029853C /* Octavo */,
				0BF98F23282ED4E00029853C /* OctavoTests */,
				0BF98F2D282ED4E00029853C /* OctavoUITests */,
				0BF98F0C282ED4DE0029853C /* Products */,
			);
			sourceTree = "<group>";
		};
		0BF98F0C282ED4DE0029853C /* Products */ = {
			isa = PBXGroup;
			children = (
				0BF98F0B282ED4DE0029853C /* Octavo.app */,
				0BF98F20282ED4E00029853C /* OctavoTests.xctest */,
				0BF98F2A282ED4E00029853C /* OctavoUITests.xctest */,
			);
			name = Products;
			sourceTree = "<group>";
		};
		0BF98F0D282ED4DE0029853C /* Octavo */ = {
			isa = PBXGroup;
			children = (
				0B400E96282F13A00024E2F6 /* Models */,
				0BF98F0E282ED4DE0029853C /* OctavoApp.swift */,
				0BF98F10282ED4DE0029853C /* ContentView.swift */,
				0BF98F12282ED4E00029853C /* Assets.xcassets */,
				0BF98F17282ED4E00029853C /* Persistence.swift */,
				0BF98F19282ED4E00029853C /* Octavo.xcdatamodeld */,
				0BF98F14282ED4E00029853C /* Preview Content */,
				0BF98F3D282ED6DB0029853C /* HomeScreenView.swift */,
				0BF98F3F282EE9650029853C /* UserDetailView.swift */,
				0BF98F43282F12B40029853C /* BooksView.swift */,
				0B400E99282F17650024E2F6 /* CardView.swift */,
			);
			path = Octavo;
			sourceTree = "<group>";
		};
		0BF98F14282ED4E00029853C /* Preview Content */ = {
			isa = PBXGroup;
			children = (
				0BF98F15282ED4E00029853C /* Preview Assets.xcassets */,
			);
			path = "Preview Content";
			sourceTree = "<group>";
		};
		0BF98F23282ED4E00029853C /* OctavoTests */ = {
			isa = PBXGroup;
			children = (
				0BF98F24282ED4E00029853C /* OctavoTests.swift */,
			);
			path = OctavoTests;
			sourceTree = "<group>";
		};
		0BF98F2D282ED4E00029853C /* OctavoUITests */ = {
			isa = PBXGroup;
			children = (
				0BF98F2E282ED4E00029853C /* OctavoUITests.swift */,
				0BF98F30282ED4E00029853C /* OctavoUITestsLaunchTests.swift */,
			);
			path = OctavoUITests;
			sourceTree = "<group>";
		};
/* End PBXGroup section */

/* Begin PBXNativeTarget section */
		0BF98F0A282ED4DE0029853C /* Octavo */ = {
			isa = PBXNativeTarget;
			buildConfigurationList = 0BF98F34282ED4E00029853C /* Build configuration list for PBXNativeTarget "Octavo" */;
			buildPhases = (
				0BF98F07282ED4DE0029853C /* Sources */,
				0BF98F08282ED4DE0029853C /* Frameworks */,
				0BF98F09282ED4DE0029853C /* Resources */,
			);
			buildRules = (
			);
			dependencies = (
			);
			name = Octavo;
			productName = Octavo;
			productReference = 0BF98F0B282ED4DE0029853C /* Octavo.app */;
			productType = "com.apple.product-type.application";
		};
		0BF98F1F282ED4E00029853C /* OctavoTests */ = {
			isa = PBXNativeTarget;
			buildConfigurationList = 0BF98F37282ED4E00029853C /* Build configuration list for PBXNativeTarget "OctavoTests" */;
			buildPhases = (
				0BF98F1C282ED4E00029853C /* Sources */,
				0BF98F1D282ED4E00029853C /* Frameworks */,
				0BF98F1E282ED4E00029853C /* Resources */,
			);
			buildRules = (
			);
			dependencies = (
				0BF98F22282ED4E00029853C /* PBXTargetDependency */,
			);
			name = OctavoTests;
			productName = OctavoTests;
			productReference = 0BF98F20282ED4E00029853C /* OctavoTests.xctest */;
			productType = "com.apple.product-type.bundle.unit-test";
		};
		0BF98F29282ED4E00029853C /* OctavoUITests */ = {
			isa = PBXNativeTarget;
			buildConfigurationList = 0BF98F3A282ED4E00029853C /* Build configuration list for PBXNativeTarget "OctavoUITests" */;
			buildPhases = (
				0BF98F26282ED4E00029853C /* Sources */,
				0BF98F27282ED4E00029853C /* Frameworks */,
				0BF98F28282ED4E00029853C /* Resources */,
			);
			buildRules = (
			);
			dependencies = (
				0BF98F2C282ED4E00029853C /* PBXTargetDependency */,
			);
			name = OctavoUITests;
			productName = OctavoUITests;
			productReference = 0BF98F2A282ED4E00029853C /* OctavoUITests.xctest */;
			productType = "com.apple.product-type.bundle.ui-testing";
		};
/* End PBXNativeTarget section */

/* Begin PBXProject section */
		0BF98F03282ED4DE0029853C /* Project object */ = {
			isa = PBXProject;
			attributes = {
				BuildIndependentTargetsInParallel = 1;
				LastSwiftUpdateCheck = 1330;
				LastUpgradeCheck = 1330;
				TargetAttributes = {
					0BF98F0A282ED4DE0029853C = {
						CreatedOnToolsVersion = 13.3.1;
					};
					0BF98F1F282ED4E00029853C = {
						CreatedOnToolsVersion = 13.3.1;
						TestTargetID = 0BF98F0A282ED4DE0029853C;
					};
					0BF98F29282ED4E00029853C = {
						CreatedOnToolsVersion = 13.3.1;
						TestTargetID = 0BF98F0A282ED4DE0029853C;
					};
				};
			};
			buildConfigurationList = 0BF98F06282ED4DE0029853C /* Build configuration list for PBXProject "Octavo" */;
			compatibilityVersion = "Xcode 13.0";
			developmentRegion = en;
			hasScannedForEncodings = 0;
			knownRegions = (
				en,
				Base,
			);
			mainGroup = 0BF98F02282ED4DE0029853C;
			productRefGroup = 0BF98F0C282ED4DE0029853C /* Products */;
			projectDirPath = "";
			projectRoot = "";
			targets = (
				0BF98F0A282ED4DE0029853C /* Octavo */,
				0BF98F1F282ED4E00029853C /* OctavoTests */,
				0BF98F29282ED4E00029853C /* OctavoUITests */,
			);
		};
/* End PBXProject section */

/* Begin PBXResourcesBuildPhase section */
		0BF98F09282ED4DE0029853C /* Resources */ = {
			isa = PBXResourcesBuildPhase;
			buildActionMask = 2147483647;
			files = (
				0BF98F16282ED4E00029853C /* Preview Assets.xcassets in Resources */,
				0BF98F13282ED4E00029853C /* Assets.xcassets in Resources */,
			);
			runOnlyForDeploymentPostprocessing = 0;
		};
		0BF98F1E282ED4E00029853C /* Resources */ = {
			isa = PBXResourcesBuildPhase;
			buildActionMask = 2147483647;
			files = (
			);
			runOnlyForDeploymentPostprocessing = 0;
		};
		0BF98F28282ED4E00029853C /* Resources */ = {
			isa = PBXResourcesBuildPhase;
			buildActionMask = 2147483647;
			files = (
			);
			runOnlyForDeploymentPostprocessing = 0;
		};
/* End PBXResourcesBuildPhase section */

/* Begin PBXSourcesBuildPhase section */
		0BF98F07282ED4DE0029853C /* Sources */ = {
			isa = PBXSourcesBuildPhase;
			buildActionMask = 2147483647;
			files = (
				0B400E98282F13CA0024E2F6 /* Book.swift in Sources */,
				0B400E9A282F17650024E2F6 /* CardView.swift in Sources */,
				0BF98F18282ED4E00029853C /* Persistence.swift in Sources */,
				0BF98F11282ED4DE0029853C /* ContentView.swift in Sources */,
				0BF98F40282EE9650029853C /* UserDetailView.swift in Sources */,
				0BF98F44282F12B40029853C /* BooksView.swift in Sources */,
				0BF98F0F282ED4DE0029853C /* OctavoApp.swift in Sources */,
				0BF98F1B282ED4E00029853C /* Octavo.xcdatamodeld in Sources */,
				0BF98F3E282ED6DB0029853C /* HomeScreenView.swift in Sources */,
			);
			runOnlyForDeploymentPostprocessing = 0;
		};
		0BF98F1C282ED4E00029853C /* Sources */ = {
			isa = PBXSourcesBuildPhase;
			buildActionMask = 2147483647;
			files = (
				0BF98F25282ED4E00029853C /* OctavoTests.swift in Sources */,
			);
			runOnlyForDeploymentPostprocessing = 0;
		};
		0BF98F26282ED4E00029853C /* Sources */ = {
			isa = PBXSourcesBuildPhase;
			buildActionMask = 2147483647;
			files = (
				0BF98F31282ED4E00029853C /* OctavoUITestsLaunchTests.swift in Sources */,
				0BF98F2F282ED4E00029853C /* OctavoUITests.swift in Sources */,
			);
			runOnlyForDeploymentPostprocessing = 0;
		};
/* End PBXSourcesBuildPhase section */

/* Begin PBXTargetDependency section */
		0BF98F22282ED4E00029853C /* PBXTargetDependency */ = {
			isa = PBXTargetDependency;
			target = 0BF98F0A282ED4DE0029853C /* Octavo */;
			targetProxy = 0BF98F21282ED4E00029853C /* PBXContainerItemProxy */;
		};
		0BF98F2C282ED4E00029853C /* PBXTargetDependency */ = {
			isa = PBXTargetDependency;
			target = 0BF98F0A282ED4DE0029853C /* Octavo */;
			targetProxy = 0BF98F2B282ED4E00029853C /* PBXContainerItemProxy */;
		};
/* End PBXTargetDependency section */

/* Begin XCBuildConfiguration section */
		0BF98F32282ED4E00029853C /* Debug */ = {
			isa = XCBuildConfiguration;
			buildSettings = {
				ALWAYS_SEARCH_USER_PATHS = NO;
				CLANG_ANALYZER_NONNULL = YES;
				CLANG_ANALYZER_NUMBER_OBJECT_CONVERSION = YES_AGGRESSIVE;
				CLANG_CXX_LANGUAGE_STANDARD = "gnu++17";
				CLANG_ENABLE_MODULES = YES;
				CLANG_ENABLE_OBJC_ARC = YES;
				CLANG_ENABLE_OBJC_WEAK = YES;
				CLANG_WARN_BLOCK_CAPTURE_AUTORELEASING = YES;
				CLANG_WARN_BOOL_CONVERSION = YES;
				CLANG_WARN_COMMA = YES;
				CLANG_WARN_CONSTANT_CONVERSION = YES;
				CLANG_WARN_DEPRECATED_OBJC_IMPLEMENTATIONS = YES;
				CLANG_WARN_DIRECT_OBJC_ISA_USAGE = YES_ERROR;
				CLANG_WARN_DOCUMENTATION_COMMENTS = YES;
				CLANG_WARN_EMPTY_BODY = YES;
				CLANG_WARN_ENUM_CONVERSION = YES;
				CLANG_WARN_INFINITE_RECURSION = YES;
				CLANG_WARN_INT_CONVERSION = YES;
				CLANG_WARN_NON_LITERAL_NULL_CONVERSION = YES;
				CLANG_WARN_OBJC_IMPLICIT_RETAIN_SELF = YES;
				CLANG_WARN_OBJC_LITERAL_CONVERSION = YES;
				CLANG_WARN_OBJC_ROOT_CLASS = YES_ERROR;
				CLANG_WARN_QUOTED_INCLUDE_IN_FRAMEWORK_HEADER = YES;
				CLANG_WARN_RANGE_LOOP_ANALYSIS = YES;
				CLANG_WARN_STRICT_PROTOTYPES = YES;
				CLANG_WARN_SUSPICIOUS_MOVE = YES;
				CLANG_WARN_UNGUARDED_AVAILABILITY = YES_AGGRESSIVE;
				CLANG_WARN_UNREACHABLE_CODE = YES;
				CLANG_WARN__DUPLICATE_METHOD_MATCH = YES;
				COPY_PHASE_STRIP = NO;
				DEBUG_INFORMATION_FORMAT = dwarf;
				ENABLE_STRICT_OBJC_MSGSEND = YES;
				ENABLE_TESTABILITY = YES;
				GCC_C_LANGUAGE_STANDARD = gnu11;
				GCC_DYNAMIC_NO_PIC = NO;
				GCC_NO_COMMON_BLOCKS = YES;
				GCC_OPTIMIZATION_LEVEL = 0;
				GCC_PREPROCESSOR_DEFINITIONS = (
					"DEBUG=1",
					"$(inherited)",
				);
				GCC_WARN_64_TO_32_BIT_CONVERSION = YES;
				GCC_WARN_ABOUT_RETURN_TYPE = YES_ERROR;
				GCC_WARN_UNDECLARED_SELECTOR = YES;
				GCC_WARN_UNINITIALIZED_AUTOS = YES_AGGRESSIVE;
				GCC_WARN_UNUSED_FUNCTION = YES;
				GCC_WARN_UNUSED_VARIABLE = YES;
				IPHONEOS_DEPLOYMENT_TARGET = 15.4;
				MTL_ENABLE_DEBUG_INFO = INCLUDE_SOURCE;
				MTL_FAST_MATH = YES;
				ONLY_ACTIVE_ARCH = YES;
				SDKROOT = iphoneos;
				SWIFT_ACTIVE_COMPILATION_CONDITIONS = DEBUG;
				SWIFT_OPTIMIZATION_LEVEL = "-Onone";
			};
			name = Debug;
		};
		0BF98F33282ED4E00029853C /* Release */ = {
			isa = XCBuildConfiguration;
			buildSettings = {
				ALWAYS_SEARCH_USER_PATHS = NO;
				CLANG_ANALYZER_NONNULL = YES;
				CLANG_ANALYZER_NUMBER_OBJECT_CONVERSION = YES_AGGRESSIVE;
				CLANG_CXX_LANGUAGE_STANDARD = "gnu++17";
				CLANG_ENABLE_MODULES = YES;
				CLANG_ENABLE_OBJC_ARC = YES;
				CLANG_ENABLE_OBJC_WEAK = YES;
				CLANG_WARN_BLOCK_CAPTURE_AUTORELEASING = YES;
				CLANG_WARN_BOOL_CONVERSION = YES;
				CLANG_WARN_COMMA = YES;
				CLANG_WARN_CONSTANT_CONVERSION = YES;
				CLANG_WARN_DEPRECATED_OBJC_IMPLEMENTATIONS = YES;
				CLANG_WARN_DIRECT_OBJC_ISA_USAGE = YES_ERROR;
				CLANG_WARN_DOCUMENTATION_COMMENTS = YES;
				CLANG_WARN_EMPTY_BODY = YES;
				CLANG_WARN_ENUM_CONVERSION = YES;
				CLANG_WARN_INFINITE_RECURSION = YES;
				CLANG_WARN_INT_CONVERSION = YES;
				CLANG_WARN_NON_LITERAL_NULL_CONVERSION = YES;
				CLANG_WARN_OBJC_IMPLICIT_RETAIN_SELF = YES;
				CLANG_WARN_OBJC_LITERAL_CONVERSION = YES;
				CLANG_WARN_OBJC_ROOT_CLASS = YES_ERROR;
				CLANG_WARN_QUOTED_INCLUDE_IN_FRAMEWORK_HEADER = YES;
				CLANG_WARN_RANGE_LOOP_ANALYSIS = YES;
				CLANG_WARN_STRICT_PROTOTYPES = YES;
				CLANG_WARN_SUSPICIOUS_MOVE = YES;
				CLANG_WARN_UNGUARDED_AVAILABILITY = YES_AGGRESSIVE;
				CLANG_WARN_UNREACHABLE_CODE = YES;
				CLANG_WARN__DUPLICATE_METHOD_MATCH = YES;
				COPY_PHASE_STRIP = NO;
				DEBUG_INFORMATION_FORMAT = "dwarf-with-dsym";
				ENABLE_NS_ASSERTIONS = NO;
				ENABLE_STRICT_OBJC_MSGSEND = YES;
				GCC_C_LANGUAGE_STANDARD = gnu11;
				GCC_NO_COMMON_BLOCKS = YES;
				GCC_WARN_64_TO_32_BIT_CONVERSION = YES;
				GCC_WARN_ABOUT_RETURN_TYPE = YES_ERROR;
				GCC_WARN_UNDECLARED_SELECTOR = YES;
				GCC_WARN_UNINITIALIZED_AUTOS = YES_AGGRESSIVE;
				GCC_WARN_UNUSED_FUNCTION = YES;
				GCC_WARN_UNUSED_VARIABLE = YES;
				IPHONEOS_DEPLOYMENT_TARGET = 15.4;
				MTL_ENABLE_DEBUG_INFO = NO;
				MTL_FAST_MATH = YES;
				SDKROOT = iphoneos;
				SWIFT_COMPILATION_MODE = wholemodule;
				SWIFT_OPTIMIZATION_LEVEL = "-O";
				VALIDATE_PRODUCT = YES;
			};
			name = Release;
		};
		0BF98F35282ED4E00029853C /* Debug */ = {
			isa = XCBuildConfiguration;
			buildSettings = {
				ASSETCATALOG_COMPILER_APPICON_NAME = AppIcon;
				ASSETCATALOG_COMPILER_GLOBAL_ACCENT_COLOR_NAME = AccentColor;
				CODE_SIGN_STYLE = Automatic;
				CURRENT_PROJECT_VERSION = 1;
				DEVELOPMENT_ASSET_PATHS = "\"Octavo/Preview Content\"";
				DEVELOPMENT_TEAM = FAX8MKB2LM;
				ENABLE_PREVIEWS = YES;
				GENERATE_INFOPLIST_FILE = YES;
				INFOPLIST_KEY_UIApplicationSceneManifest_Generation = YES;
				INFOPLIST_KEY_UIApplicationSupportsIndirectInputEvents = YES;
				INFOPLIST_KEY_UILaunchScreen_Generation = YES;
				INFOPLIST_KEY_UISupportedInterfaceOrientations_iPad = "UIInterfaceOrientationPortrait UIInterfaceOrientationPortraitUpsideDown UIInterfaceOrientationLandscapeLeft UIInterfaceOrientationLandscapeRight";
				INFOPLIST_KEY_UISupportedInterfaceOrientations_iPhone = "UIInterfaceOrientationPortrait UIInterfaceOrientationLandscapeLeft UIInterfaceOrientationLandscapeRight";
				LD_RUNPATH_SEARCH_PATHS = (
					"$(inherited)",
					"@executable_path/Frameworks",
				);
				MARKETING_VERSION = 1.0;
				PRODUCT_BUNDLE_IDENTIFIER = MKE.Octavo;
				PRODUCT_NAME = "$(TARGET_NAME)";
				SWIFT_EMIT_LOC_STRINGS = YES;
				SWIFT_VERSION = 5.0;
				TARGETED_DEVICE_FAMILY = "1,2";
			};
			name = Debug;
		};
		0BF98F36282ED4E00029853C /* Release */ = {
			isa = XCBuildConfiguration;
			buildSettings = {
				ASSETCATALOG_COMPILER_APPICON_NAME = AppIcon;
				ASSETCATALOG_COMPILER_GLOBAL_ACCENT_COLOR_NAME = AccentColor;
				CODE_SIGN_STYLE = Automatic;
				CURRENT_PROJECT_VERSION = 1;
				DEVELOPMENT_ASSET_PATHS = "\"Octavo/Preview Content\"";
				DEVELOPMENT_TEAM = FAX8MKB2LM;
				ENABLE_PREVIEWS = YES;
				GENERATE_INFOPLIST_FILE = YES;
				INFOPLIST_KEY_UIApplicationSceneManifest_Generation = YES;
				INFOPLIST_KEY_UIApplicationSupportsIndirectInputEvents = YES;
				INFOPLIST_KEY_UILaunchScreen_Generation = YES;
				INFOPLIST_KEY_UISupportedInterfaceOrientations_iPad = "UIInterfaceOrientationPortrait UIInterfaceOrientationPortraitUpsideDown UIInterfaceOrientationLandscapeLeft UIInterfaceOrientationLandscapeRight";
				INFOPLIST_KEY_UISupportedInterfaceOrientations_iPhone = "UIInterfaceOrientationPortrait UIInterfaceOrientationLandscapeLeft UIInterfaceOrientationLandscapeRight";
				LD_RUNPATH_SEARCH_PATHS = (
					"$(inherited)",
					"@executable_path/Frameworks",
				);
				MARKETING_VERSION = 1.0;
				PRODUCT_BUNDLE_IDENTIFIER = MKE.Octavo;
				PRODUCT_NAME = "$(TARGET_NAME)";
				SWIFT_EMIT_LOC_STRINGS = YES;
				SWIFT_VERSION = 5.0;
				TARGETED_DEVICE_FAMILY = "1,2";
			};
			name = Release;
		};
		0BF98F38282ED4E00029853C /* Debug */ = {
			isa = XCBuildConfiguration;
			buildSettings = {
				ALWAYS_EMBED_SWIFT_STANDARD_LIBRARIES = YES;
				BUNDLE_LOADER = "$(TEST_HOST)";
				CODE_SIGN_STYLE = Automatic;
				CURRENT_PROJECT_VERSION = 1;
				DEVELOPMENT_TEAM = FAX8MKB2LM;
				GENERATE_INFOPLIST_FILE = YES;
				IPHONEOS_DEPLOYMENT_TARGET = 15.4;
				MARKETING_VERSION = 1.0;
				PRODUCT_BUNDLE_IDENTIFIER = MKE.OctavoTests;
				PRODUCT_NAME = "$(TARGET_NAME)";
				SWIFT_EMIT_LOC_STRINGS = NO;
				SWIFT_VERSION = 5.0;
				TARGETED_DEVICE_FAMILY = "1,2";
				TEST_HOST = "$(BUILT_PRODUCTS_DIR)/Octavo.app/Octavo";
			};
			name = Debug;
		};
		0BF98F39282ED4E00029853C /* Release */ = {
			isa = XCBuildConfiguration;
			buildSettings = {
				ALWAYS_EMBED_SWIFT_STANDARD_LIBRARIES = YES;
				BUNDLE_LOADER = "$(TEST_HOST)";
				CODE_SIGN_STYLE = Automatic;
				CURRENT_PROJECT_VERSION = 1;
				DEVELOPMENT_TEAM = FAX8MKB2LM;
				GENERATE_INFOPLIST_FILE = YES;
				IPHONEOS_DEPLOYMENT_TARGET = 15.4;
				MARKETING_VERSION = 1.0;
				PRODUCT_BUNDLE_IDENTIFIER = MKE.OctavoTests;
				PRODUCT_NAME = "$(TARGET_NAME)";
				SWIFT_EMIT_LOC_STRINGS = NO;
				SWIFT_VERSION = 5.0;
				TARGETED_DEVICE_FAMILY = "1,2";
				TEST_HOST = "$(BUILT_PRODUCTS_DIR)/Octavo.app/Octavo";
			};
			name = Release;
		};
		0BF98F3B282ED4E00029853C /* Debug */ = {
			isa = XCBuildConfiguration;
			buildSettings = {
				ALWAYS_EMBED_SWIFT_STANDARD_LIBRARIES = YES;
				CODE_SIGN_STYLE = Automatic;
				CURRENT_PROJECT_VERSION = 1;
				DEVELOPMENT_TEAM = FAX8MKB2LM;
				GENERATE_INFOPLIST_FILE = YES;
				MARKETING_VERSION = 1.0;
				PRODUCT_BUNDLE_IDENTIFIER = MKE.OctavoUITests;
				PRODUCT_NAME = "$(TARGET_NAME)";
				SWIFT_EMIT_LOC_STRINGS = NO;
				SWIFT_VERSION = 5.0;
				TARGETED_DEVICE_FAMILY = "1,2";
				TEST_TARGET_NAME = Octavo;
			};
			name = Debug;
		};
		0BF98F3C282ED4E00029853C /* Release */ = {
			isa = XCBuildConfiguration;
			buildSettings = {
				ALWAYS_EMBED_SWIFT_STANDARD_LIBRARIES = YES;
				CODE_SIGN_STYLE = Automatic;
				CURRENT_PROJECT_VERSION = 1;
				DEVELOPMENT_TEAM = FAX8MKB2LM;
				GENERATE_INFOPLIST_FILE = YES;
				MARKETING_VERSION = 1.0;
				PRODUCT_BUNDLE_IDENTIFIER = MKE.OctavoUITests;
				PRODUCT_NAME = "$(TARGET_NAME)";
				SWIFT_EMIT_LOC_STRINGS = NO;
				SWIFT_VERSION = 5.0;
				TARGETED_DEVICE_FAMILY = "1,2";
				TEST_TARGET_NAME = Octavo;
			};
			name = Release;
		};
/* End XCBuildConfiguration section */

/* Begin XCConfigurationList section */
		0BF98F06282ED4DE0029853C /* Build configuration list for PBXProject "Octavo" */ = {
			isa = XCConfigurationList;
			buildConfigurations = (
				0BF98F32282ED4E00029853C /* Debug */,
				0BF98F33282ED4E00029853C /* Release */,
			);
			defaultConfigurationIsVisible = 0;
			defaultConfigurationName = Release;
		};
		0BF98F34282ED4E00029853C /* Build configuration list for PBXNativeTarget "Octavo" */ = {
			isa = XCConfigurationList;
			buildConfigurations = (
				0BF98F35282ED4E00029853C /* Debug */,
				0BF98F36282ED4E00029853C /* Release */,
			);
			defaultConfigurationIsVisible = 0;
			defaultConfigurationName = Release;
		};
		0BF98F37282ED4E00029853C /* Build configuration list for PBXNativeTarget "OctavoTests" */ = {
			isa = XCConfigurationList;
			buildConfigurations = (
				0BF98F38282ED4E00029853C /* Debug */,
				0BF98F39282ED4E00029853C /* Release */,
			);
			defaultConfigurationIsVisible = 0;
			defaultConfigurationName = Release;
		};
		0BF98F3A282ED4E00029853C /* Build configuration list for PBXNativeTarget "OctavoUITests" */ = {
			isa = XCConfigurationList;
			buildConfigurations = (
				0BF98F3B282ED4E00029853C /* Debug */,
				0BF98F3C282ED4E00029853C /* Release */,
			);
			defaultConfigurationIsVisible = 0;
			defaultConfigurationName = Release;
		};
/* End XCConfigurationList section */

/* Begin XCVersionGroup section */
		0BF98F19282ED4E00029853C /* Octavo.xcdatamodeld */ = {
			isa = XCVersionGroup;
			children = (
				0BF98F1A282ED4E00029853C /* Octavo.xcdatamodel */,
			);
			currentVersion = 0BF98F1A282ED4E00029853C /* Octavo.xcdatamodel */;
			path = Octavo.xcdatamodeld;
			sourceTree = "<group>";
			versionGroupType = wrapper.xcdatamodel;
		};
/* End XCVersionGroup section */
	};
	rootObject = 0BF98F03282ED4DE0029853C /* Project object */;
}
